{
	"name": "bencheng高效办公",
	"version": "1.0.0",
	"lockfileVersion": 1,
	"requires": true,
	"dependencies": {
		"@vant/weapp": {
		  "version": "1.0.7",
		  "resolved": "https://registry.npmjs.org/@vant/weapp/-/weapp-1.0.7.tgz",
		  "integrity": "sha512-F7gkcVKLTh4Pt17ukZnpZmn78CbtfmUtxSZif02ysyXZmqtAf1aAUffL3i1y+qzGWCXF4y/OVkOBVQVrKHI4MA=="
		},
		"dayjs": {
			"version": "1.10.4",
			"resolved": "https://registry.npm.taobao.org/dayjs/download/dayjs-1.10.4.tgz?cache=0&sync_timestamp=1611310021152&other_urls=https%3A%2F%2Fregistry.npm.taobao.org%2Fdayjs%2Fdownload%2Fdayjs-1.10.4.tgz",
			"integrity": "sha1-jlRKm4aD9heD9XCYCoqA6vVKseI="
		},
		"lodash": {
			"version": "4.17.20",
			"resolved": "https://registry.npm.taobao.org/lodash/download/lodash-4.17.20.tgz?cache=0&sync_timestamp=1597335994883&other_urls=https%3A%2F%2Fregistry.npm.taobao.org%2Flodash%2Fdownload%2Flodash-4.17.20.tgz",
			"integrity": "sha1-tEqbYpe8tpjxxRo1RaKzs2jVnFI="
		}
	}
}
